
Microsoft Visual Studio Solution File, Format Version 12.00
# Visual Studio Version 17
VisualStudioVersion = 17.7.34221.43
MinimumVisualStudioVersion = 10.0.40219.1
Project("{FAE04EC0-301F-11D3-BF4B-00C04F79EFBC}") = "GuessingGame", "WindowsFormsApp9\GuessingGame.csproj", "{2C4973FA-4953-4990-8761-3B77B46290CE}"
EndProject
Global
	GlobalSection(SolutionConfigurationPlatforms) = preSolution
		Debug|Any CPU = Debug|Any CPU
		Release|Any CPU = Release|Any CPU
	EndGlobalSection
	GlobalSection(ProjectConfigurationPlatforms) = postSolution
		{2C4973FA-4953-4990-8761-3B77B46290CE}.Debug|Any CPU.ActiveCfg = Debug|Any CPU
		{2C4973FA-4953-4990-8761-3B77B46290CE}.Debug|Any CPU.Build.0 = Debug|Any CPU
		{2C4973FA-4953-4990-8761-3B77B46290CE}.Release|Any CPU.ActiveCfg = Release|Any CPU
		{2C4973FA-4953-4990-8761-3B77B46290CE}.Release|Any CPU.Build.0 = Release|Any CPU
	EndGlobalSection
	GlobalSection(SolutionProperties) = preSolution
		HideSolutionNode = FALSE
	EndGlobalSection
	GlobalSection(ExtensibilityGlobals) = postSolution
		SolutionGuid = {56F2DBFF-397D-4BD6-A597-E619A25CD565}
	EndGlobalSection
EndGlobal
